// !$*UTF8*$!
{
	archiveVersion = 1;
	classes = {
	};
	objectVersion = 46;
	objects = {

/* Begin PBXBuildFile section */
		509DCBD11DF00BEF00F972DF /* AppDelegate.swift in Sources */ = {isa = PBXBuildFile; fileRef = 509DCBD01DF00BEF00F972DF /* AppDelegate.swift */; };
		509DCBD31DF00BEF00F972DF /* ViewController.swift in Sources */ = {isa = PBXBuildFile; fileRef = 509DCBD21DF00BEF00F972DF /* ViewController.swift */; };
		509DCBD61DF00BEF00F972DF /* Main.storyboard in Resources */ = {isa = PBXBuildFile; fileRef = 509DCBD41DF00BEF00F972DF /* Main.storyboard */; };
		509DCBD91DF00BEF00F972DF /* panGestureRecognizer.xcdatamodeld in Sources */ = {isa = PBXBuildFile; fileRef = 509DCBD71DF00BEF00F972DF /* panGestureRecognizer.xcdatamodeld */; };
		509DCBDB1DF00BEF00F972DF /* Assets.xcassets in Resources */ = {isa = PBXBuildFile; fileRef = 509DCBDA1DF00BEF00F972DF /* Assets.xcassets */; };
		509DCBDE1DF00BEF00F972DF /* LaunchScreen.storyboard in Resources */ = {isa = PBXBuildFile; fileRef = 509DCBDC1DF00BEF00F972DF /* LaunchScreen.storyboard */; };
		509DCBE91DF00BEF00F972DF /* panGestureRecognizerTests.swift in Sources */ = {isa = PBXBuildFile; fileRef = 509DCBE81DF00BEF00F972DF /* panGestureRecognizerTests.swift */; };
/* End PBXBuildFile section */

/* Begin PBXContainerItemProxy section */
		509DCBE51DF00BEF00F972DF /* PBXContainerItemProxy */ = {
			isa = PBXContainerItemProxy;
			containerPortal = 509DCBC51DF00BEF00F972DF /* Project object */;
			proxyType = 1;
			remoteGlobalIDString = 509DCBCC1DF00BEF00F972DF;
			remoteInfo = panGestureRecognizer;
		};
/* End PBXContainerItemProxy section */

/* Begin PBXFileReference section */
		509DCBCD1DF00BEF00F972DF /* panGestureRecognizer.app */ = {isa = PBXFileReference; explicitFileType = wrapper.application; includeInIndex = 0; path = panGestureRecognizer.app; sourceTree = BUILT_PRODUCTS_DIR; };
		509DCBD01DF00BEF00F972DF /* AppDelegate.swift */ = {isa = PBXFileReference; lastKnownFileType = sourcecode.swift; path = AppDelegate.swift; sourceTree = "<group>"; };
		509DCBD21DF00BEF00F972DF /* ViewController.swift */ = {isa = PBXFileReference; lastKnownFileType = sourcecode.swift; path = ViewController.swift; sourceTree = "<group>"; };
		509DCBD51DF00BEF00F972DF /* Base */ = {isa = PBXFileReference; lastKnownFileType = file.storyboard; name = Base; path = Base.lproj/Main.storyboard; sourceTree = "<group>"; };
		509DCBD81DF00BEF00F972DF /* panGestureRecognizer.xcdatamodel */ = {isa = PBXFileReference; lastKnownFileType = wrapper.xcdatamodel; path = panGestureRecognizer.xcdatamodel; sourceTree = "<group>"; };
		509DCBDA1DF00BEF00F972DF /* Assets.xcassets */ = {isa = PBXFileReference; lastKnownFileType = folder.assetcatalog; path = Assets.xcassets; sourceTree = "<group>"; };
		509DCBDD1DF00BEF00F972DF /* Base */ = {isa = PBXFileReference; lastKnownFileType = file.storyboard; name = Base; path = Base.lproj/LaunchScreen.storyboard; sourceTree = "<group>"; };
		509DCBDF1DF00BEF00F972DF /* Info.plist */ = {isa = PBXFileReference; lastKnownFileType = text.plist.xml; path = Info.plist; sourceTree = "<group>"; };
		509DCBE41DF00BEF00F972DF /* panGestureRecognizerTests.xctest */ = {isa = PBXFileReference; explicitFileType = wrapper.cfbundle; includeInIndex = 0; path = panGestureRecognizerTests.xctest; sourceTree = BUILT_PRODUCTS_DIR; };
		509DCBE81DF00BEF00F972DF /* panGestureRecognizerTests.swift */ = {isa = PBXFileReference; lastKnownFileType = sourcecode.swift; path = panGestureRecognizerTests.swift; sourceTree = "<group>"; };
		509DCBEA1DF00BEF00F972DF /* Info.plist */ = {isa = PBXFileReference; lastKnownFileType = text.plist.xml; path = Info.plist; sourceTree = "<group>"; };
/* End PBXFileReference section */

/* Begin PBXFrameworksBuildPhase section */
		509DCBCA1DF00BEF00F972DF /* Frameworks */ = {
			isa = PBXFrameworksBuildPhase;
			buildActionMask = 2147483647;
			files = (
			);
			runOnlyForDeploymentPostprocessing = 0;
		};
		509DCBE11DF00BEF00F972DF /* Frameworks */ = {
			isa = PBXFrameworksBuildPhase;
			buildActionMask = 2147483647;
			files = (
			);
			runOnlyForDeploymentPostprocessing = 0;
		};
/* End PBXFrameworksBuildPhase section */

/* Begin PBXGroup section */
		509DCBC41DF00BEF00F972DF = {
			isa = PBXGroup;
			children = (
				509DCBCF1DF00BEF00F972DF /* panGestureRecognizer */,
				509DCBE71DF00BEF00F972DF /* panGestureRecognizerTests */,
				509DCBCE1DF00BEF00F972DF /* Products */,
			);
			sourceTree = "<group>";
		};
		509DCBCE1DF00BEF00F972DF /* Products */ = {
			isa = PBXGroup;
			children = (
				509DCBCD1DF00BEF00F972DF /* panGestureRecognizer.app */,
				509DCBE41DF00BEF00F972DF /* panGestureRecognizerTests.xctest */,
			);
			name = Products;
			sourceTree = "<group>";
		};
		509DCBCF1DF00BEF00F972DF /* panGestureRecognizer */ = {
			isa = PBXGroup;
			children = (
				509DCBD01DF00BEF00F972DF /* AppDelegate.swift */,
				509DCBD21DF00BEF00F972DF /* ViewController.swift */,
				509DCBD41DF00BEF00F972DF /* Main.storyboard */,
				509DCBDA1DF00BEF00F972DF /* Assets.xcassets */,
				509DCBDC1DF00BEF00F972DF /* LaunchScreen.storyboard */,
				509DCBDF1DF00BEF00F972DF /* Info.plist */,
				509DCBD71DF00BEF00F972DF /* panGestureRecognizer.xcdatamodeld */,
			);
			path = panGestureRecognizer;
			sourceTree = "<group>";
		};
		509DCBE71DF00BEF00F972DF /* panGestureRecognizerTests */ = {
			isa = PBXGroup;
			children = (
				509DCBE81DF00BEF00F972DF /* panGestureRecognizerTests.swift */,
				509DCBEA1DF00BEF00F972DF /* Info.plist */,
			);
			path = panGestureRecognizerTests;
			sourceTree = "<group>";
		};
/* End PBXGroup section */

/* Begin PBXNativeTarget section */
		509DCBCC1DF00BEF00F972DF /* panGestureRecognizer */ = {
			isa = PBXNativeTarget;
			buildConfigurationList = 509DCBED1DF00BEF00F972DF /* Build configuration list for PBXNativeTarget "panGestureRecognizer" */;
			buildPhases = (
				509DCBC91DF00BEF00F972DF /* Sources */,
				509DCBCA1DF00BEF00F972DF /* Frameworks */,
				509DCBCB1DF00BEF00F972DF /* Resources */,
			);
			buildRules = (
			);
			dependencies = (
			);
			name = panGestureRecognizer;
			productName = panGestureRecognizer;
			productReference = 509DCBCD1DF00BEF00F972DF /* panGestureRecognizer.app */;
			productType = "com.apple.product-type.application";
		};
		509DCBE31DF00BEF00F972DF /* panGestureRecognizerTests */ = {
			isa = PBXNativeTarget;
			buildConfigurationList = 509DCBF01DF00BEF00F972DF /* Build configuration list for PBXNativeTarget "panGestureRecognizerTests" */;
			buildPhases = (
				509DCBE01DF00BEF00F972DF /* Sources */,
				509DCBE11DF00BEF00F972DF /* Frameworks */,
				509DCBE21DF00BEF00F972DF /* Resources */,
			);
			buildRules = (
			);
			dependencies = (
				509DCBE61DF00BEF00F972DF /* PBXTargetDependency */,
			);
			name = panGestureRecognizerTests;
			productName = panGestureRecognizerTests;
			productReference = 509DCBE41DF00BEF00F972DF /* panGestureRecognizerTests.xctest */;
			productType = "com.apple.product-type.bundle.unit-test";
		};
/* End PBXNativeTarget section */

/* Begin PBXProject section */
		509DCBC51DF00BEF00F972DF /* Project object */ = {
			isa = PBXProject;
			attributes = {
				LastSwiftUpdateCheck = 0810;
				LastUpgradeCheck = 0810;
				ORGANIZATIONNAME = innov8;
				TargetAttributes = {
					509DCBCC1DF00BEF00F972DF = {
						CreatedOnToolsVersion = 8.1;
						DevelopmentTeam = 2KJYZV89RZ;
						ProvisioningStyle = Automatic;
					};
					509DCBE31DF00BEF00F972DF = {
						CreatedOnToolsVersion = 8.1;
						DevelopmentTeam = 2KJYZV89RZ;
						ProvisioningStyle = Automatic;
						TestTargetID = 509DCBCC1DF00BEF00F972DF;
					};
				};
			};
			buildConfigurationList = 509DCBC81DF00BEF00F972DF /* Build configuration list for PBXProject "panGestureRecognizer" */;
			compatibilityVersion = "Xcode 3.2";
			developmentRegion = English;
			hasScannedForEncodings = 0;
			knownRegions = (
				en,
				Base,
			);
			mainGroup = 509DCBC41DF00BEF00F972DF;
			productRefGroup = 509DCBCE1DF00BEF00F972DF /* Products */;
			projectDirPath = "";
			projectRoot = "";
			targets = (
				509DCBCC1DF00BEF00F972DF /* panGestureRecognizer */,
				509DCBE31DF00BEF00F972DF /* panGestureRecognizerTests */,
			);
		};
/* End PBXProject section */

/* Begin PBXResourcesBuildPhase section */
		509DCBCB1DF00BEF00F972DF /* Resources */ = {
			isa = PBXResourcesBuildPhase;
			buildActionMask = 2147483647;
			files = (
				509DCBDE1DF00BEF00F972DF /* LaunchScreen.storyboard in Resources */,
				509DCBDB1DF00BEF00F972DF /* Assets.xcassets in Resources */,
				509DCBD61DF00BEF00F972DF /* Main.storyboard in Resources */,
			);
			runOnlyForDeploymentPostprocessing = 0;
		};
		509DCBE21DF00BEF00F972DF /* Resources */ = {
			isa = PBXResourcesBuildPhase;
			buildActionMask = 2147483647;
			files = (
			);
			runOnlyForDeploymentPostprocessing = 0;
		};
/* End PBXResourcesBuildPhase section */

/* Begin PBXSourcesBuildPhase section */
		509DCBC91DF00BEF00F972DF /* Sources */ = {
			isa = PBXSourcesBuildPhase;
			buildActionMask = 2147483647;
			files = (
				509DCBD31DF00BEF00F972DF /* ViewController.swift in Sources */,
				509DCBD11DF00BEF00F972DF /* AppDelegate.swift in Sources */,
				509DCBD91DF00BEF00F972DF /* panGestureRecognizer.xcdatamodeld in Sources */,
			);
			runOnlyForDeploymentPostprocessing = 0;
		};
		509DCBE01DF00BEF00F972DF /* Sources */ = {
			isa = PBXSourcesBuildPhase;
			buildActionMask = 2147483647;
			files = (
				509DCBE91DF00BEF00F972DF /* panGestureRecognizerTests.swift in Sources */,
			);
			runOnlyForDeploymentPostprocessing = 0;
		};
/* End PBXSourcesBuildPhase section */

/* Begin PBXTargetDependency section */
		509DCBE61DF00BEF00F972DF /* PBXTargetDependency */ = {
			isa = PBXTargetDependency;
			target = 509DCBCC1DF00BEF00F972DF /* panGestureRecognizer */;
			targetProxy = 509DCBE51DF00BEF00F972DF /* PBXContainerItemProxy */;
		};
/* End PBXTargetDependency section */

/* Begin PBXVariantGroup section */
		509DCBD41DF00BEF00F972DF /* Main.storyboard */ = {
			isa = PBXVariantGroup;
			children = (
				509DCBD51DF00BEF00F972DF /* Base */,
			);
			name = Main.storyboard;
			sourceTree = "<group>";
		};
		509DCBDC1DF00BEF00F972DF /* LaunchScreen.storyboard */ = {
			isa = PBXVariantGroup;
			children = (
				509DCBDD1DF00BEF00F972DF /* Base */,
			);
			name = LaunchScreen.storyboard;
			sourceTree = "<group>";
		};
/* End PBXVariantGroup section */

/* Begin XCBuildConfiguration section */
		509DCBEB1DF00BEF00F972DF /* Debug */ = {
			isa = XCBuildConfiguration;
			buildSettings = {
				ALWAYS_SEARCH_USER_PATHS = NO;
				CLANG_ANALYZER_NONNULL = YES;
				CLANG_CXX_LANGUAGE_STANDARD = "gnu++0x";
				CLANG_CXX_LIBRARY = "libc++";
				CLANG_ENABLE_MODULES = YES;
				CLANG_ENABLE_OBJC_ARC = YES;
				CLANG_WARN_BOOL_CONVERSION = YES;
				CLANG_WARN_CONSTANT_CONVERSION = YES;
				CLANG_WARN_DIRECT_OBJC_ISA_USAGE = YES_ERROR;
				CLANG_WARN_DOCUMENTATION_COMMENTS = YES;
				CLANG_WARN_EMPTY_BODY = YES;
				CLANG_WARN_ENUM_CONVERSION = YES;
				CLANG_WARN_INFINITE_RECURSION = YES;
				CLANG_WARN_INT_CONVERSION = YES;
				CLANG_WARN_OBJC_ROOT_CLASS = YES_ERROR;
				CLANG_WARN_SUSPICIOUS_MOVES = YES;
				CLANG_WARN_UNREACHABLE_CODE = YES;
				CLANG_WARN__DUPLICATE_METHOD_MATCH = YES;
				"CODE_SIGN_IDENTITY[sdk=iphoneos*]" = "iPhone Developer";
				COPY_PHASE_STRIP = NO;
				DEBUG_INFORMATION_FORMAT = dwarf;
				ENABLE_STRICT_OBJC_MSGSEND = YES;
				ENABLE_TESTABILITY = YES;
				GCC_C_LANGUAGE_STANDARD = gnu99;
				GCC_DYNAMIC_NO_PIC = NO;
				GCC_NO_COMMON_BLOCKS = YES;
				GCC_OPTIMIZATION_LEVEL = 0;
				GCC_PREPROCESSOR_DEFINITIONS = (
					"DEBUG=1",
					"$(inherited)",
				);
				GCC_WARN_64_TO_32_BIT_CONVERSION = YES;
				GCC_WARN_ABOUT_RETURN_TYPE = YES_ERROR;
				GCC_WARN_UNDECLARED_SELECTOR = YES;
				GCC_WARN_UNINITIALIZED_AUTOS = YES_AGGRESSIVE;
				GCC_WARN_UNUSED_FUNCTION = YES;
				GCC_WARN_UNUSED_VARIABLE = YES;
				IPHONEOS_DEPLOYMENT_TARGET = 10.1;
				MTL_ENABLE_DEBUG_INFO = YES;
				ONLY_ACTIVE_ARCH = YES;
				SDKROOT = iphoneos;
				SWIFT_ACTIVE_COMPILATION_CONDITIONS = DEBUG;
				SWIFT_OPTIMIZATION_LEVEL = "-Onone";
				TARGETED_DEVICE_FAMILY = "1,2";
			};
			name = Debug;
		};
		509DCBEC1DF00BEF00F972DF /* Release */ = {
			isa = XCBuildConfiguration;
			buildSettings = {
				ALWAYS_SEARCH_USER_PATHS = NO;
				CLANG_ANALYZER_NONNULL = YES;
				CLANG_CXX_LANGUAGE_STANDARD = "gnu++0x";
				CLANG_CXX_LIBRARY = "libc++";
				CLANG_ENABLE_MODULES = YES;
				CLANG_ENABLE_OBJC_ARC = YES;
				CLANG_WARN_BOOL_CONVERSION = YES;
				CLANG_WARN_CONSTANT_CONVERSION = YES;
				CLANG_WARN_DIRECT_OBJC_ISA_USAGE = YES_ERROR;
				CLANG_WARN_DOCUMENTATION_COMMENTS = YES;
				CLANG_WARN_EMPTY_BODY = YES;
				CLANG_WARN_ENUM_CONVERSION = YES;
				CLANG_WARN_INFINITE_RECURSION = YES;
				CLANG_WARN_INT_CONVERSION = YES;
				CLANG_WARN_OBJC_ROOT_CLASS = YES_ERROR;
				CLANG_WARN_SUSPICIOUS_MOVES = YES;
				CLANG_WARN_UNREACHABLE_CODE = YES;
				CLANG_WARN__DUPLICATE_METHOD_MATCH = YES;
				"CODE_SIGN_IDENTITY[sdk=iphoneos*]" = "iPhone Developer";
				COPY_PHASE_STRIP = NO;
				DEBUG_INFORMATION_FORMAT = "dwarf-with-dsym";
				ENABLE_NS_ASSERTIONS = NO;
				ENABLE_STRICT_OBJC_MSGSEND = YES;
				GCC_C_LANGUAGE_STANDARD = gnu99;
				GCC_NO_COMMON_BLOCKS = YES;
				GCC_WARN_64_TO_32_BIT_CONVERSION = YES;
				GCC_WARN_ABOUT_RETURN_TYPE = YES_ERROR;
				GCC_WARN_UNDECLARED_SELECTOR = YES;
				GCC_WARN_UNINITIALIZED_AUTOS = YES_AGGRESSIVE;
				GCC_WARN_UNUSED_FUNCTION = YES;
				GCC_WARN_UNUSED_VARIABLE = YES;
				IPHONEOS_DEPLOYMENT_TARGET = 10.1;
				MTL_ENABLE_DEBUG_INFO = NO;
				SDKROOT = iphoneos;
				SWIFT_OPTIMIZATION_LEVEL = "-Owholemodule";
				TARGETED_DEVICE_FAMILY = "1,2";
				VALIDATE_PRODUCT = YES;
			};
			name = Release;
		};
		509DCBEE1DF00BEF00F972DF /* Debug */ = {
			isa = XCBuildConfiguration;
			buildSettings = {
				ASSETCATALOG_COMPILER_APPICON_NAME = AppIcon;
				DEVELOPMENT_TEAM = 2KJYZV89RZ;
				INFOPLIST_FILE = panGestureRecognizer/Info.plist;
				LD_RUNPATH_SEARCH_PATHS = "$(inherited) @executable_path/Frameworks";
				PRODUCT_BUNDLE_IDENTIFIER = com.vishwaraj.panGestureRecognizer;
				PRODUCT_NAME = "$(TARGET_NAME)";
				SWIFT_VERSION = 3.0;
			};
			name = Debug;
		};
		509DCBEF1DF00BEF00F972DF /* Release */ = {
			isa = XCBuildConfiguration;
			buildSettings = {
				ASSETCATALOG_COMPILER_APPICON_NAME = AppIcon;
				DEVELOPMENT_TEAM = 2KJYZV89RZ;
				INFOPLIST_FILE = panGestureRecognizer/Info.plist;
				LD_RUNPATH_SEARCH_PATHS = "$(inherited) @executable_path/Frameworks";
				PRODUCT_BUNDLE_IDENTIFIER = com.vishwaraj.panGestureRecognizer;
				PRODUCT_NAME = "$(TARGET_NAME)";
				SWIFT_VERSION = 3.0;
			};
			name = Release;
		};
		509DCBF11DF00BEF00F972DF /* Debug */ = {
			isa = XCBuildConfiguration;
			buildSettings = {
				ALWAYS_EMBED_SWIFT_STANDARD_LIBRARIES = YES;
				BUNDLE_LOADER = "$(TEST_HOST)";
				DEVELOPMENT_TEAM = 2KJYZV89RZ;
				INFOPLIST_FILE = panGestureRecognizerTests/Info.plist;
				LD_RUNPATH_SEARCH_PATHS = "$(inherited) @executable_path/Frameworks @loader_path/Frameworks";
				PRODUCT_BUNDLE_IDENTIFIER = com.vishwaraj.panGestureRecognizerTests;
				PRODUCT_NAME = "$(TARGET_NAME)";
				SWIFT_VERSION = 3.0;
				TEST_HOST = "$(BUILT_PRODUCTS_DIR)/panGestureRecognizer.app/panGestureRecognizer";
			};
			name = Debug;
		};
		509DCBF21DF00BEF00F972DF /* Release */ = {
			isa = XCBuildConfiguration;
			buildSettings = {
				ALWAYS_EMBED_SWIFT_STANDARD_LIBRARIES = YES;
				BUNDLE_LOADER = "$(TEST_HOST)";
				DEVELOPMENT_TEAM = 2KJYZV89RZ;
				INFOPLIST_FILE = panGestureRecognizerTests/Info.plist;
				LD_RUNPATH_SEARCH_PATHS = "$(inherited) @executable_path/Frameworks @loader_path/Frameworks";
				PRODUCT_BUNDLE_IDENTIFIER = com.vishwaraj.panGestureRecognizerTests;
				PRODUCT_NAME = "$(TARGET_NAME)";
				SWIFT_VERSION = 3.0;
				TEST_HOST = "$(BUILT_PRODUCTS_DIR)/panGestureRecognizer.app/panGestureRecognizer";
			};
			name = Release;
		};
/* End XCBuildConfiguration section */

/* Begin XCConfigurationList section */
		509DCBC81DF00BEF00F972DF /* Build configuration list for PBXProject "panGestureRecognizer" */ = {
			isa = XCConfigurationList;
			buildConfigurations = (
				509DCBEB1DF00BEF00F972DF /* Debug */,
				509DCBEC1DF00BEF00F972DF /* Release */,
			);
			defaultConfigurationIsVisible = 0;
			defaultConfigurationName = Release;
		};
		509DCBED1DF00BEF00F972DF /* Build configuration list for PBXNativeTarget "panGestureRecognizer" */ = {
			isa = XCConfigurationList;
			buildConfigurations = (
				509DCBEE1DF00BEF00F972DF /* Debug */,
				509DCBEF1DF00BEF00F972DF /* Release */,
			);
			defaultConfigurationIsVisible = 0;
		};
		509DCBF01DF00BEF00F972DF /* Build configuration list for PBXNativeTarget "panGestureRecognizerTests" */ = {
			isa = XCConfigurationList;
			buildConfigurations = (
				509DCBF11DF00BEF00F972DF /* Debug */,
				509DCBF21DF00BEF00F972DF /* Release */,
			);
			defaultConfigurationIsVisible = 0;
		};
/* End XCConfigurationList section */

/* Begin XCVersionGroup section */
		509DCBD71DF00BEF00F972DF /* panGestureRecognizer.xcdatamodeld */ = {
			isa = XCVersionGroup;
			children = (
				509DCBD81DF00BEF00F972DF /* panGestureRecognizer.xcdatamodel */,
			);
			currentVersion = 509DCBD81DF00BEF00F972DF /* panGestureRecognizer.xcdatamodel */;
			path = panGestureRecognizer.xcdatamodeld;
			sourceTree = "<group>";
			versionGroupType = wrapper.xcdatamodel;
		};
/* End XCVersionGroup section */
	};
	rootObject = 509DCBC51DF00BEF00F972DF /* Project object */;
}
